
Microsoft Visual Studio Solution File, Format Version 12.00
# Visual Studio 15
Project("{FAE04EC0-301F-11D3-BF4B-00C04F79EFBC}") = "Assembly-CSharp", "Assembly-CSharp.csproj", "{A78F7EAC-FD7C-079A-B563-17B09E952E2E}"
EndProject
Project("{FAE04EC0-301F-11D3-BF4B-00C04F79EFBC}") = "Assembly-CSharp-Editor", "Assembly-CSharp-Editor.csproj", "{3D65709F-C1DA-CA01-051E-3EE3B71154DA}"
EndProject
Global
	GlobalSection(SolutionConfigurationPlatforms) = preSolution
		Debug|Any CPU = Debug|Any CPU
		Release|Any CPU = Release|Any CPU
	EndGlobalSection
	GlobalSection(ProjectConfigurationPlatforms) = postSolution
		{A78F7EAC-FD7C-079A-B563-17B09E952E2E}.Debug|Any CPU.ActiveCfg = Debug|Any CPU
		{A78F7EAC-FD7C-079A-B563-17B09E952E2E}.Debug|Any CPU.Build.0 = Debug|Any CPU
		{A78F7EAC-FD7C-079A-B563-17B09E952E2E}.Release|Any CPU.ActiveCfg = Release|Any CPU
		{A78F7EAC-FD7C-079A-B563-17B09E952E2E}.Release|Any CPU.Build.0 = Release|Any CPU
		{3D65709F-C1DA-CA01-051E-3EE3B71154DA}.Debug|Any CPU.ActiveCfg = Debug|Any CPU
		{3D65709F-C1DA-CA01-051E-3EE3B71154DA}.Debug|Any CPU.Build.0 = Debug|Any CPU
		{3D65709F-C1DA-CA01-051E-3EE3B71154DA}.Release|Any CPU.ActiveCfg = Release|Any CPU
		{3D65709F-C1DA-CA01-051E-3EE3B71154DA}.Release|Any CPU.Build.0 = Release|Any CPU
	EndGlobalSection
	GlobalSection(SolutionProperties) = preSolution
		HideSolutionNode = FALSE
	EndGlobalSection
EndGlobal
